
Microsoft Visual Studio Solution File, Format Version 12.00
# Visual Studio 15
VisualStudioVersion = 15.0.26228.23
MinimumVisualStudioVersion = 10.0.40219.1
Project("{FAE04EC0-301F-11D3-BF4B-00C04F79EFBC}") = "ZonAppv1.Android", "ZonAppv1\ZonAppv1.Android\ZonAppv1.Android.csproj", "{4D379E17-EBD9-4691-BC5C-1AE034318676}"
EndProject
Project("{FAE04EC0-301F-11D3-BF4B-00C04F79EFBC}") = "ZonAppv1", "ZonAppv1\ZonAppv1\ZonAppv1.csproj", "{D5BAD539-D542-400E-B0A4-8CBB68D60AB9}"
EndProject
Project("{FAE04EC0-301F-11D3-BF4B-00C04F79EFBC}") = "ZonAppv1.UWP", "ZonAppv1\ZonAppv1.UWP\ZonAppv1.UWP.csproj", "{69DD5FEC-D111-4392-BD74-CDD38DBF1CBA}"
EndProject
Project("{FAE04EC0-301F-11D3-BF4B-00C04F79EFBC}") = "ZonAppv1.iOS", "ZonAppv1\ZonAppv1.iOS\ZonAppv1.iOS.csproj", "{F3F6B79C-0F8D-4D9A-85B3-BDC1C6410CC8}"
EndProject
Project("{FAE04EC0-301F-11D3-BF4B-00C04F79EFBC}") = "ZonAppv1.Domain", "ZonAppv1.Domain\ZonAppv1.Domain.csproj", "{B2E96EDD-4AC9-40E8-A5DD-463A85B96F4C}"
EndProject
Project("{FAE04EC0-301F-11D3-BF4B-00C04F79EFBC}") = "ZonAppv1.Backend", "ZonAppv1.Backend\ZonAppv1.Backend.csproj", "{5B8A3897-FE85-41A8-8DE7-5541F8B02F47}"
EndProject
Project("{FAE04EC0-301F-11D3-BF4B-00C04F79EFBC}") = "ZonAppv1.API", "ZonAppv1.API\ZonAppv1.API.csproj", "{0C458D69-35EF-45CC-8221-64C5E61881C3}"
EndProject
Global
	GlobalSection(SolutionConfigurationPlatforms) = preSolution
		Ad-Hoc|Any CPU = Ad-Hoc|Any CPU
		Ad-Hoc|ARM = Ad-Hoc|ARM
		Ad-Hoc|iPhone = Ad-Hoc|iPhone
		Ad-Hoc|iPhoneSimulator = Ad-Hoc|iPhoneSimulator
		Ad-Hoc|x64 = Ad-Hoc|x64
		Ad-Hoc|x86 = Ad-Hoc|x86
		AppStore|Any CPU = AppStore|Any CPU
		AppStore|ARM = AppStore|ARM
		AppStore|iPhone = AppStore|iPhone
		AppStore|iPhoneSimulator = AppStore|iPhoneSimulator
		AppStore|x64 = AppStore|x64
		AppStore|x86 = AppStore|x86
		Debug|Any CPU = Debug|Any CPU
		Debug|ARM = Debug|ARM
		Debug|iPhone = Debug|iPhone
		Debug|iPhoneSimulator = Debug|iPhoneSimulator
		Debug|x64 = Debug|x64
		Debug|x86 = Debug|x86
		Release|Any CPU = Release|Any CPU
		Release|ARM = Release|ARM
		Release|iPhone = Release|iPhone
		Release|iPhoneSimulator = Release|iPhoneSimulator
		Release|x64 = Release|x64
		Release|x86 = Release|x86
	EndGlobalSection
	GlobalSection(ProjectConfigurationPlatforms) = postSolution
		{4D379E17-EBD9-4691-BC5C-1AE034318676}.Ad-Hoc|Any CPU.ActiveCfg = Release|Any CPU
		{4D379E17-EBD9-4691-BC5C-1AE034318676}.Ad-Hoc|Any CPU.Build.0 = Release|Any CPU
		{4D379E17-EBD9-4691-BC5C-1AE034318676}.Ad-Hoc|Any CPU.Deploy.0 = Release|Any CPU
		{4D379E17-EBD9-4691-BC5C-1AE034318676}.Ad-Hoc|ARM.ActiveCfg = Release|Any CPU
		{4D379E17-EBD9-4691-BC5C-1AE034318676}.Ad-Hoc|ARM.Build.0 = Release|Any CPU
		{4D379E17-EBD9-4691-BC5C-1AE034318676}.Ad-Hoc|ARM.Deploy.0 = Release|Any CPU
		{4D379E17-EBD9-4691-BC5C-1AE034318676}.Ad-Hoc|iPhone.ActiveCfg = Release|Any CPU
		{4D379E17-EBD9-4691-BC5C-1AE034318676}.Ad-Hoc|iPhone.Build.0 = Release|Any CPU
		{4D379E17-EBD9-4691-BC5C-1AE034318676}.Ad-Hoc|iPhone.Deploy.0 = Release|Any CPU
		{4D379E17-EBD9-4691-BC5C-1AE034318676}.Ad-Hoc|iPhoneSimulator.ActiveCfg = Release|Any CPU
		{4D379E17-EBD9-4691-BC5C-1AE034318676}.Ad-Hoc|iPhoneSimulator.Build.0 = Release|Any CPU
		{4D379E17-EBD9-4691-BC5C-1AE034318676}.Ad-Hoc|iPhoneSimulator.Deploy.0 = Release|Any CPU
		{4D379E17-EBD9-4691-BC5C-1AE034318676}.Ad-Hoc|x64.ActiveCfg = Release|Any CPU
		{4D379E17-EBD9-4691-BC5C-1AE034318676}.Ad-Hoc|x64.Build.0 = Release|Any CPU
		{4D379E17-EBD9-4691-BC5C-1AE034318676}.Ad-Hoc|x64.Deploy.0 = Release|Any CPU
		{4D379E17-EBD9-4691-BC5C-1AE034318676}.Ad-Hoc|x86.ActiveCfg = Release|Any CPU
		{4D379E17-EBD9-4691-BC5C-1AE034318676}.Ad-Hoc|x86.Build.0 = Release|Any CPU
		{4D379E17-EBD9-4691-BC5C-1AE034318676}.Ad-Hoc|x86.Deploy.0 = Release|Any CPU
		{4D379E17-EBD9-4691-BC5C-1AE034318676}.AppStore|Any CPU.ActiveCfg = Release|Any CPU
		{4D379E17-EBD9-4691-BC5C-1AE034318676}.AppStore|Any CPU.Build.0 = Release|Any CPU
		{4D379E17-EBD9-4691-BC5C-1AE034318676}.AppStore|Any CPU.Deploy.0 = Release|Any CPU
		{4D379E17-EBD9-4691-BC5C-1AE034318676}.AppStore|ARM.ActiveCfg = Release|Any CPU
		{4D379E17-EBD9-4691-BC5C-1AE034318676}.AppStore|ARM.Build.0 = Release|Any CPU
		{4D379E17-EBD9-4691-BC5C-1AE034318676}.AppStore|ARM.Deploy.0 = Release|Any CPU
		{4D379E17-EBD9-4691-BC5C-1AE034318676}.AppStore|iPhone.ActiveCfg = Release|Any CPU
		{4D379E17-EBD9-4691-BC5C-1AE034318676}.AppStore|iPhone.Build.0 = Release|Any CPU
		{4D379E17-EBD9-4691-BC5C-1AE034318676}.AppStore|iPhone.Deploy.0 = Release|Any CPU
		{4D379E17-EBD9-4691-BC5C-1AE034318676}.AppStore|iPhoneSimulator.ActiveCfg = Release|Any CPU
		{4D379E17-EBD9-4691-BC5C-1AE034318676}.AppStore|iPhoneSimulator.Build.0 = Release|Any CPU
		{4D379E17-EBD9-4691-BC5C-1AE034318676}.AppStore|iPhoneSimulator.Deploy.0 = Release|Any CPU
		{4D379E17-EBD9-4691-BC5C-1AE034318676}.AppStore|x64.ActiveCfg = Release|Any CPU
		{4D379E17-EBD9-4691-BC5C-1AE034318676}.AppStore|x64.Build.0 = Release|Any CPU
		{4D379E17-EBD9-4691-BC5C-1AE034318676}.AppStore|x64.Deploy.0 = Release|Any CPU
		{4D379E17-EBD9-4691-BC5C-1AE034318676}.AppStore|x86.ActiveCfg = Release|Any CPU
		{4D379E17-EBD9-4691-BC5C-1AE034318676}.AppStore|x86.Build.0 = Release|Any CPU
		{4D379E17-EBD9-4691-BC5C-1AE034318676}.AppStore|x86.Deploy.0 = Release|Any CPU
		{4D379E17-EBD9-4691-BC5C-1AE034318676}.Debug|Any CPU.ActiveCfg = Debug|Any CPU
		{4D379E17-EBD9-4691-BC5C-1AE034318676}.Debug|Any CPU.Build.0 = Debug|Any CPU
		{4D379E17-EBD9-4691-BC5C-1AE034318676}.Debug|Any CPU.Deploy.0 = Debug|Any CPU
		{4D379E17-EBD9-4691-BC5C-1AE034318676}.Debug|ARM.ActiveCfg = Debug|Any CPU
		{4D379E17-EBD9-4691-BC5C-1AE034318676}.Debug|ARM.Build.0 = Debug|Any CPU
		{4D379E17-EBD9-4691-BC5C-1AE034318676}.Debug|ARM.Deploy.0 = Debug|Any CPU
		{4D379E17-EBD9-4691-BC5C-1AE034318676}.Debug|iPhone.ActiveCfg = Debug|Any CPU
		{4D379E17-EBD9-4691-BC5C-1AE034318676}.Debug|iPhone.Build.0 = Debug|Any CPU
		{4D379E17-EBD9-4691-BC5C-1AE034318676}.Debug|iPhone.Deploy.0 = Debug|Any CPU
		{4D379E17-EBD9-4691-BC5C-1AE034318676}.Debug|iPhoneSimulator.ActiveCfg = Debug|Any CPU
		{4D379E17-EBD9-4691-BC5C-1AE034318676}.Debug|iPhoneSimulator.Build.0 = Debug|Any CPU
		{4D379E17-EBD9-4691-BC5C-1AE034318676}.Debug|iPhoneSimulator.Deploy.0 = Debug|Any CPU
		{4D379E17-EBD9-4691-BC5C-1AE034318676}.Debug|x64.ActiveCfg = Debug|Any CPU
		{4D379E17-EBD9-4691-BC5C-1AE034318676}.Debug|x64.Build.0 = Debug|Any CPU
		{4D379E17-EBD9-4691-BC5C-1AE034318676}.Debug|x64.Deploy.0 = Debug|Any CPU
		{4D379E17-EBD9-4691-BC5C-1AE034318676}.Debug|x86.ActiveCfg = Debug|Any CPU
		{4D379E17-EBD9-4691-BC5C-1AE034318676}.Debug|x86.Build.0 = Debug|Any CPU
		{4D379E17-EBD9-4691-BC5C-1AE034318676}.Debug|x86.Deploy.0 = Debug|Any CPU
		{4D379E17-EBD9-4691-BC5C-1AE034318676}.Release|Any CPU.ActiveCfg = Release|Any CPU
		{4D379E17-EBD9-4691-BC5C-1AE034318676}.Release|Any CPU.Build.0 = Release|Any CPU
		{4D379E17-EBD9-4691-BC5C-1AE034318676}.Release|Any CPU.Deploy.0 = Release|Any CPU
		{4D379E17-EBD9-4691-BC5C-1AE034318676}.Release|ARM.ActiveCfg = Release|Any CPU
		{4D379E17-EBD9-4691-BC5C-1AE034318676}.Release|ARM.Build.0 = Release|Any CPU
		{4D379E17-EBD9-4691-BC5C-1AE034318676}.Release|ARM.Deploy.0 = Release|Any CPU
		{4D379E17-EBD9-4691-BC5C-1AE034318676}.Release|iPhone.ActiveCfg = Release|Any CPU
		{4D379E17-EBD9-4691-BC5C-1AE034318676}.Release|iPhone.Build.0 = Release|Any CPU
		{4D379E17-EBD9-4691-BC5C-1AE034318676}.Release|iPhone.Deploy.0 = Release|Any CPU
		{4D379E17-EBD9-4691-BC5C-1AE034318676}.Release|iPhoneSimulator.ActiveCfg = Release|Any CPU
		{4D379E17-EBD9-4691-BC5C-1AE034318676}.Release|iPhoneSimulator.Build.0 = Release|Any CPU
		{4D379E17-EBD9-4691-BC5C-1AE034318676}.Release|iPhoneSimulator.Deploy.0 = Release|Any CPU
		{4D379E17-EBD9-4691-BC5C-1AE034318676}.Release|x64.ActiveCfg = Release|Any CPU
		{4D379E17-EBD9-4691-BC5C-1AE034318676}.Release|x64.Build.0 = Release|Any CPU
		{4D379E17-EBD9-4691-BC5C-1AE034318676}.Release|x64.Deploy.0 = Release|Any CPU
		{4D379E17-EBD9-4691-BC5C-1AE034318676}.Release|x86.ActiveCfg = Release|Any CPU
		{4D379E17-EBD9-4691-BC5C-1AE034318676}.Release|x86.Build.0 = Release|Any CPU
		{4D379E17-EBD9-4691-BC5C-1AE034318676}.Release|x86.Deploy.0 = Release|Any CPU
		{D5BAD539-D542-400E-B0A4-8CBB68D60AB9}.Ad-Hoc|Any CPU.ActiveCfg = Release|Any CPU
		{D5BAD539-D542-400E-B0A4-8CBB68D60AB9}.Ad-Hoc|Any CPU.Build.0 = Release|Any CPU
		{D5BAD539-D542-400E-B0A4-8CBB68D60AB9}.Ad-Hoc|ARM.ActiveCfg = Release|Any CPU
		{D5BAD539-D542-400E-B0A4-8CBB68D60AB9}.Ad-Hoc|ARM.Build.0 = Release|Any CPU
		{D5BAD539-D542-400E-B0A4-8CBB68D60AB9}.Ad-Hoc|iPhone.ActiveCfg = Release|Any CPU
		{D5BAD539-D542-400E-B0A4-8CBB68D60AB9}.Ad-Hoc|iPhone.Build.0 = Release|Any CPU
		{D5BAD539-D542-400E-B0A4-8CBB68D60AB9}.Ad-Hoc|iPhoneSimulator.ActiveCfg = Release|Any CPU
		{D5BAD539-D542-400E-B0A4-8CBB68D60AB9}.Ad-Hoc|iPhoneSimulator.Build.0 = Release|Any CPU
		{D5BAD539-D542-400E-B0A4-8CBB68D60AB9}.Ad-Hoc|x64.ActiveCfg = Release|Any CPU
		{D5BAD539-D542-400E-B0A4-8CBB68D60AB9}.Ad-Hoc|x64.Build.0 = Release|Any CPU
		{D5BAD539-D542-400E-B0A4-8CBB68D60AB9}.Ad-Hoc|x86.ActiveCfg = Release|Any CPU
		{D5BAD539-D542-400E-B0A4-8CBB68D60AB9}.Ad-Hoc|x86.Build.0 = Release|Any CPU
		{D5BAD539-D542-400E-B0A4-8CBB68D60AB9}.AppStore|Any CPU.ActiveCfg = Release|Any CPU
		{D5BAD539-D542-400E-B0A4-8CBB68D60AB9}.AppStore|Any CPU.Build.0 = Release|Any CPU
		{D5BAD539-D542-400E-B0A4-8CBB68D60AB9}.AppStore|ARM.ActiveCfg = Release|Any CPU
		{D5BAD539-D542-400E-B0A4-8CBB68D60AB9}.AppStore|ARM.Build.0 = Release|Any CPU
		{D5BAD539-D542-400E-B0A4-8CBB68D60AB9}.AppStore|iPhone.ActiveCfg = Release|Any CPU
		{D5BAD539-D542-400E-B0A4-8CBB68D60AB9}.AppStore|iPhone.Build.0 = Release|Any CPU
		{D5BAD539-D542-400E-B0A4-8CBB68D60AB9}.AppStore|iPhoneSimulator.ActiveCfg = Release|Any CPU
		{D5BAD539-D542-400E-B0A4-8CBB68D60AB9}.AppStore|iPhoneSimulator.Build.0 = Release|Any CPU
		{D5BAD539-D542-400E-B0A4-8CBB68D60AB9}.AppStore|x64.ActiveCfg = Release|Any CPU
		{D5BAD539-D542-400E-B0A4-8CBB68D60AB9}.AppStore|x64.Build.0 = Release|Any CPU
		{D5BAD539-D542-400E-B0A4-8CBB68D60AB9}.AppStore|x86.ActiveCfg = Release|Any CPU
		{D5BAD539-D542-400E-B0A4-8CBB68D60AB9}.AppStore|x86.Build.0 = Release|Any CPU
		{D5BAD539-D542-400E-B0A4-8CBB68D60AB9}.Debug|Any CPU.ActiveCfg = Debug|Any CPU
		{D5BAD539-D542-400E-B0A4-8CBB68D60AB9}.Debug|Any CPU.Build.0 = Debug|Any CPU
		{D5BAD539-D542-400E-B0A4-8CBB68D60AB9}.Debug|ARM.ActiveCfg = Debug|Any CPU
		{D5BAD539-D542-400E-B0A4-8CBB68D60AB9}.Debug|ARM.Build.0 = Debug|Any CPU
		{D5BAD539-D542-400E-B0A4-8CBB68D60AB9}.Debug|iPhone.ActiveCfg = Debug|Any CPU
		{D5BAD539-D542-400E-B0A4-8CBB68D60AB9}.Debug|iPhone.Build.0 = Debug|Any CPU
		{D5BAD539-D542-400E-B0A4-8CBB68D60AB9}.Debug|iPhoneSimulator.ActiveCfg = Debug|Any CPU
		{D5BAD539-D542-400E-B0A4-8CBB68D60AB9}.Debug|iPhoneSimulator.Build.0 = Debug|Any CPU
		{D5BAD539-D542-400E-B0A4-8CBB68D60AB9}.Debug|x64.ActiveCfg = Debug|Any CPU
		{D5BAD539-D542-400E-B0A4-8CBB68D60AB9}.Debug|x64.Build.0 = Debug|Any CPU
		{D5BAD539-D542-400E-B0A4-8CBB68D60AB9}.Debug|x86.ActiveCfg = Debug|Any CPU
		{D5BAD539-D542-400E-B0A4-8CBB68D60AB9}.Debug|x86.Build.0 = Debug|Any CPU
		{D5BAD539-D542-400E-B0A4-8CBB68D60AB9}.Release|Any CPU.ActiveCfg = Release|Any CPU
		{D5BAD539-D542-400E-B0A4-8CBB68D60AB9}.Release|Any CPU.Build.0 = Release|Any CPU
		{D5BAD539-D542-400E-B0A4-8CBB68D60AB9}.Release|ARM.ActiveCfg = Release|Any CPU
		{D5BAD539-D542-400E-B0A4-8CBB68D60AB9}.Release|ARM.Build.0 = Release|Any CPU
		{D5BAD539-D542-400E-B0A4-8CBB68D60AB9}.Release|iPhone.ActiveCfg = Release|Any CPU
		{D5BAD539-D542-400E-B0A4-8CBB68D60AB9}.Release|iPhone.Build.0 = Release|Any CPU
		{D5BAD539-D542-400E-B0A4-8CBB68D60AB9}.Release|iPhoneSimulator.ActiveCfg = Release|Any CPU
		{D5BAD539-D542-400E-B0A4-8CBB68D60AB9}.Release|iPhoneSimulator.Build.0 = Release|Any CPU
		{D5BAD539-D542-400E-B0A4-8CBB68D60AB9}.Release|x64.ActiveCfg = Release|Any CPU
		{D5BAD539-D542-400E-B0A4-8CBB68D60AB9}.Release|x64.Build.0 = Release|Any CPU
		{D5BAD539-D542-400E-B0A4-8CBB68D60AB9}.Release|x86.ActiveCfg = Release|Any CPU
		{D5BAD539-D542-400E-B0A4-8CBB68D60AB9}.Release|x86.Build.0 = Release|Any CPU
		{69DD5FEC-D111-4392-BD74-CDD38DBF1CBA}.Ad-Hoc|Any CPU.ActiveCfg = Release|x86
		{69DD5FEC-D111-4392-BD74-CDD38DBF1CBA}.Ad-Hoc|Any CPU.Build.0 = Release|x86
		{69DD5FEC-D111-4392-BD74-CDD38DBF1CBA}.Ad-Hoc|Any CPU.Deploy.0 = Release|x86
		{69DD5FEC-D111-4392-BD74-CDD38DBF1CBA}.Ad-Hoc|ARM.ActiveCfg = Release|ARM
		{69DD5FEC-D111-4392-BD74-CDD38DBF1CBA}.Ad-Hoc|ARM.Build.0 = Release|ARM
		{69DD5FEC-D111-4392-BD74-CDD38DBF1CBA}.Ad-Hoc|ARM.Deploy.0 = Release|ARM
		{69DD5FEC-D111-4392-BD74-CDD38DBF1CBA}.Ad-Hoc|iPhone.ActiveCfg = Release|x86
		{69DD5FEC-D111-4392-BD74-CDD38DBF1CBA}.Ad-Hoc|iPhone.Build.0 = Release|x86
		{69DD5FEC-D111-4392-BD74-CDD38DBF1CBA}.Ad-Hoc|iPhone.Deploy.0 = Release|x86
		{69DD5FEC-D111-4392-BD74-CDD38DBF1CBA}.Ad-Hoc|iPhoneSimulator.ActiveCfg = Release|x86
		{69DD5FEC-D111-4392-BD74-CDD38DBF1CBA}.Ad-Hoc|iPhoneSimulator.Build.0 = Release|x86
		{69DD5FEC-D111-4392-BD74-CDD38DBF1CBA}.Ad-Hoc|iPhoneSimulator.Deploy.0 = Release|x86
		{69DD5FEC-D111-4392-BD74-CDD38DBF1CBA}.Ad-Hoc|x64.ActiveCfg = Release|x64
		{69DD5FEC-D111-4392-BD74-CDD38DBF1CBA}.Ad-Hoc|x64.Build.0 = Release|x64
		{69DD5FEC-D111-4392-BD74-CDD38DBF1CBA}.Ad-Hoc|x64.Deploy.0 = Release|x64
		{69DD5FEC-D111-4392-BD74-CDD38DBF1CBA}.Ad-Hoc|x86.ActiveCfg = Release|x86
		{69DD5FEC-D111-4392-BD74-CDD38DBF1CBA}.Ad-Hoc|x86.Build.0 = Release|x86
		{69DD5FEC-D111-4392-BD74-CDD38DBF1CBA}.Ad-Hoc|x86.Deploy.0 = Release|x86
		{69DD5FEC-D111-4392-BD74-CDD38DBF1CBA}.AppStore|Any CPU.ActiveCfg = Release|x86
		{69DD5FEC-D111-4392-BD74-CDD38DBF1CBA}.AppStore|Any CPU.Build.0 = Release|x86
		{69DD5FEC-D111-4392-BD74-CDD38DBF1CBA}.AppStore|Any CPU.Deploy.0 = Release|x86
		{69DD5FEC-D111-4392-BD74-CDD38DBF1CBA}.AppStore|ARM.ActiveCfg = Release|ARM
		{69DD5FEC-D111-4392-BD74-CDD38DBF1CBA}.AppStore|ARM.Build.0 = Release|ARM
		{69DD5FEC-D111-4392-BD74-CDD38DBF1CBA}.AppStore|ARM.Deploy.0 = Release|ARM
		{69DD5FEC-D111-4392-BD74-CDD38DBF1CBA}.AppStore|iPhone.ActiveCfg = Release|x86
		{69DD5FEC-D111-4392-BD74-CDD38DBF1CBA}.AppStore|iPhone.Build.0 = Release|x86
		{69DD5FEC-D111-4392-BD74-CDD38DBF1CBA}.AppStore|iPhone.Deploy.0 = Release|x86
		{69DD5FEC-D111-4392-BD74-CDD38DBF1CBA}.AppStore|iPhoneSimulator.ActiveCfg = Release|x86
		{69DD5FEC-D111-4392-BD74-CDD38DBF1CBA}.AppStore|iPhoneSimulator.Build.0 = Release|x86
		{69DD5FEC-D111-4392-BD74-CDD38DBF1CBA}.AppStore|iPhoneSimulator.Deploy.0 = Release|x86
		{69DD5FEC-D111-4392-BD74-CDD38DBF1CBA}.AppStore|x64.ActiveCfg = Release|x64
		{69DD5FEC-D111-4392-BD74-CDD38DBF1CBA}.AppStore|x64.Build.0 = Release|x64
		{69DD5FEC-D111-4392-BD74-CDD38DBF1CBA}.AppStore|x64.Deploy.0 = Release|x64
		{69DD5FEC-D111-4392-BD74-CDD38DBF1CBA}.AppStore|x86.ActiveCfg = Release|x86
		{69DD5FEC-D111-4392-BD74-CDD38DBF1CBA}.AppStore|x86.Build.0 = Release|x86
		{69DD5FEC-D111-4392-BD74-CDD38DBF1CBA}.AppStore|x86.Deploy.0 = Release|x86
		{69DD5FEC-D111-4392-BD74-CDD38DBF1CBA}.Debug|Any CPU.ActiveCfg = Debug|x86
		{69DD5FEC-D111-4392-BD74-CDD38DBF1CBA}.Debug|ARM.ActiveCfg = Debug|ARM
		{69DD5FEC-D111-4392-BD74-CDD38DBF1CBA}.Debug|ARM.Build.0 = Debug|ARM
		{69DD5FEC-D111-4392-BD74-CDD38DBF1CBA}.Debug|ARM.Deploy.0 = Debug|ARM
		{69DD5FEC-D111-4392-BD74-CDD38DBF1CBA}.Debug|iPhone.ActiveCfg = Debug|x86
		{69DD5FEC-D111-4392-BD74-CDD38DBF1CBA}.Debug|iPhoneSimulator.ActiveCfg = Debug|x86
		{69DD5FEC-D111-4392-BD74-CDD38DBF1CBA}.Debug|x64.ActiveCfg = Debug|x64
		{69DD5FEC-D111-4392-BD74-CDD38DBF1CBA}.Debug|x64.Build.0 = Debug|x64
		{69DD5FEC-D111-4392-BD74-CDD38DBF1CBA}.Debug|x64.Deploy.0 = Debug|x64
		{69DD5FEC-D111-4392-BD74-CDD38DBF1CBA}.Debug|x86.ActiveCfg = Debug|x86
		{69DD5FEC-D111-4392-BD74-CDD38DBF1CBA}.Debug|x86.Build.0 = Debug|x86
		{69DD5FEC-D111-4392-BD74-CDD38DBF1CBA}.Debug|x86.Deploy.0 = Debug|x86
		{69DD5FEC-D111-4392-BD74-CDD38DBF1CBA}.Release|Any CPU.ActiveCfg = Release|x86
		{69DD5FEC-D111-4392-BD74-CDD38DBF1CBA}.Release|ARM.ActiveCfg = Release|ARM
		{69DD5FEC-D111-4392-BD74-CDD38DBF1CBA}.Release|ARM.Build.0 = Release|ARM
		{69DD5FEC-D111-4392-BD74-CDD38DBF1CBA}.Release|ARM.Deploy.0 = Release|ARM
		{69DD5FEC-D111-4392-BD74-CDD38DBF1CBA}.Release|iPhone.ActiveCfg = Release|x86
		{69DD5FEC-D111-4392-BD74-CDD38DBF1CBA}.Release|iPhoneSimulator.ActiveCfg = Release|x86
		{69DD5FEC-D111-4392-BD74-CDD38DBF1CBA}.Release|x64.ActiveCfg = Release|x64
		{69DD5FEC-D111-4392-BD74-CDD38DBF1CBA}.Release|x64.Build.0 = Release|x64
		{69DD5FEC-D111-4392-BD74-CDD38DBF1CBA}.Release|x64.Deploy.0 = Release|x64
		{69DD5FEC-D111-4392-BD74-CDD38DBF1CBA}.Release|x86.ActiveCfg = Release|x86
		{69DD5FEC-D111-4392-BD74-CDD38DBF1CBA}.Release|x86.Build.0 = Release|x86
		{69DD5FEC-D111-4392-BD74-CDD38DBF1CBA}.Release|x86.Deploy.0 = Release|x86
		{F3F6B79C-0F8D-4D9A-85B3-BDC1C6410CC8}.Ad-Hoc|Any CPU.ActiveCfg = Ad-Hoc|iPhone
		{F3F6B79C-0F8D-4D9A-85B3-BDC1C6410CC8}.Ad-Hoc|ARM.ActiveCfg = Ad-Hoc|iPhone
		{F3F6B79C-0F8D-4D9A-85B3-BDC1C6410CC8}.Ad-Hoc|iPhone.ActiveCfg = Ad-Hoc|iPhone
		{F3F6B79C-0F8D-4D9A-85B3-BDC1C6410CC8}.Ad-Hoc|iPhone.Build.0 = Ad-Hoc|iPhone
		{F3F6B79C-0F8D-4D9A-85B3-BDC1C6410CC8}.Ad-Hoc|iPhoneSimulator.ActiveCfg = Ad-Hoc|iPhoneSimulator
		{F3F6B79C-0F8D-4D9A-85B3-BDC1C6410CC8}.Ad-Hoc|iPhoneSimulator.Build.0 = Ad-Hoc|iPhoneSimulator
		{F3F6B79C-0F8D-4D9A-85B3-BDC1C6410CC8}.Ad-Hoc|x64.ActiveCfg = Ad-Hoc|iPhone
		{F3F6B79C-0F8D-4D9A-85B3-BDC1C6410CC8}.Ad-Hoc|x86.ActiveCfg = Ad-Hoc|iPhone
		{F3F6B79C-0F8D-4D9A-85B3-BDC1C6410CC8}.AppStore|Any CPU.ActiveCfg = AppStore|iPhone
		{F3F6B79C-0F8D-4D9A-85B3-BDC1C6410CC8}.AppStore|ARM.ActiveCfg = AppStore|iPhone
		{F3F6B79C-0F8D-4D9A-85B3-BDC1C6410CC8}.AppStore|iPhone.ActiveCfg = AppStore|iPhone
		{F3F6B79C-0F8D-4D9A-85B3-BDC1C6410CC8}.AppStore|iPhone.Build.0 = AppStore|iPhone
		{F3F6B79C-0F8D-4D9A-85B3-BDC1C6410CC8}.AppStore|iPhoneSimulator.ActiveCfg = AppStore|iPhoneSimulator
		{F3F6B79C-0F8D-4D9A-85B3-BDC1C6410CC8}.AppStore|iPhoneSimulator.Build.0 = AppStore|iPhoneSimulator
		{F3F6B79C-0F8D-4D9A-85B3-BDC1C6410CC8}.AppStore|x64.ActiveCfg = AppStore|iPhone
		{F3F6B79C-0F8D-4D9A-85B3-BDC1C6410CC8}.AppStore|x86.ActiveCfg = AppStore|iPhone
		{F3F6B79C-0F8D-4D9A-85B3-BDC1C6410CC8}.Debug|Any CPU.ActiveCfg = Debug|iPhone
		{F3F6B79C-0F8D-4D9A-85B3-BDC1C6410CC8}.Debug|ARM.ActiveCfg = Debug|iPhone
		{F3F6B79C-0F8D-4D9A-85B3-BDC1C6410CC8}.Debug|iPhone.ActiveCfg = Debug|iPhone
		{F3F6B79C-0F8D-4D9A-85B3-BDC1C6410CC8}.Debug|iPhone.Build.0 = Debug|iPhone
		{F3F6B79C-0F8D-4D9A-85B3-BDC1C6410CC8}.Debug|iPhoneSimulator.ActiveCfg = Debug|iPhoneSimulator
		{F3F6B79C-0F8D-4D9A-85B3-BDC1C6410CC8}.Debug|iPhoneSimulator.Build.0 = Debug|iPhoneSimulator
		{F3F6B79C-0F8D-4D9A-85B3-BDC1C6410CC8}.Debug|x64.ActiveCfg = Debug|iPhone
		{F3F6B79C-0F8D-4D9A-85B3-BDC1C6410CC8}.Debug|x86.ActiveCfg = Debug|iPhone
		{F3F6B79C-0F8D-4D9A-85B3-BDC1C6410CC8}.Release|Any CPU.ActiveCfg = Release|iPhone
		{F3F6B79C-0F8D-4D9A-85B3-BDC1C6410CC8}.Release|ARM.ActiveCfg = Release|iPhone
		{F3F6B79C-0F8D-4D9A-85B3-BDC1C6410CC8}.Release|iPhone.ActiveCfg = Release|iPhone
		{F3F6B79C-0F8D-4D9A-85B3-BDC1C6410CC8}.Release|iPhone.Build.0 = Release|iPhone
		{F3F6B79C-0F8D-4D9A-85B3-BDC1C6410CC8}.Release|iPhoneSimulator.ActiveCfg = Release|iPhoneSimulator
		{F3F6B79C-0F8D-4D9A-85B3-BDC1C6410CC8}.Release|iPhoneSimulator.Build.0 = Release|iPhoneSimulator
		{F3F6B79C-0F8D-4D9A-85B3-BDC1C6410CC8}.Release|x64.ActiveCfg = Release|iPhone
		{F3F6B79C-0F8D-4D9A-85B3-BDC1C6410CC8}.Release|x86.ActiveCfg = Release|iPhone
		{B2E96EDD-4AC9-40E8-A5DD-463A85B96F4C}.Ad-Hoc|Any CPU.ActiveCfg = Release|Any CPU
		{B2E96EDD-4AC9-40E8-A5DD-463A85B96F4C}.Ad-Hoc|Any CPU.Build.0 = Release|Any CPU
		{B2E96EDD-4AC9-40E8-A5DD-463A85B96F4C}.Ad-Hoc|ARM.ActiveCfg = Release|Any CPU
		{B2E96EDD-4AC9-40E8-A5DD-463A85B96F4C}.Ad-Hoc|ARM.Build.0 = Release|Any CPU
		{B2E96EDD-4AC9-40E8-A5DD-463A85B96F4C}.Ad-Hoc|iPhone.ActiveCfg = Release|Any CPU
		{B2E96EDD-4AC9-40E8-A5DD-463A85B96F4C}.Ad-Hoc|iPhone.Build.0 = Release|Any CPU
		{B2E96EDD-4AC9-40E8-A5DD-463A85B96F4C}.Ad-Hoc|iPhoneSimulator.ActiveCfg = Release|Any CPU
		{B2E96EDD-4AC9-40E8-A5DD-463A85B96F4C}.Ad-Hoc|iPhoneSimulator.Build.0 = Release|Any CPU
		{B2E96EDD-4AC9-40E8-A5DD-463A85B96F4C}.Ad-Hoc|x64.ActiveCfg = Release|Any CPU
		{B2E96EDD-4AC9-40E8-A5DD-463A85B96F4C}.Ad-Hoc|x64.Build.0 = Release|Any CPU
		{B2E96EDD-4AC9-40E8-A5DD-463A85B96F4C}.Ad-Hoc|x86.ActiveCfg = Release|Any CPU
		{B2E96EDD-4AC9-40E8-A5DD-463A85B96F4C}.Ad-Hoc|x86.Build.0 = Release|Any CPU
		{B2E96EDD-4AC9-40E8-A5DD-463A85B96F4C}.AppStore|Any CPU.ActiveCfg = Release|Any CPU
		{B2E96EDD-4AC9-40E8-A5DD-463A85B96F4C}.AppStore|Any CPU.Build.0 = Release|Any CPU
		{B2E96EDD-4AC9-40E8-A5DD-463A85B96F4C}.AppStore|ARM.ActiveCfg = Release|Any CPU
		{B2E96EDD-4AC9-40E8-A5DD-463A85B96F4C}.AppStore|ARM.Build.0 = Release|Any CPU
		{B2E96EDD-4AC9-40E8-A5DD-463A85B96F4C}.AppStore|iPhone.ActiveCfg = Release|Any CPU
		{B2E96EDD-4AC9-40E8-A5DD-463A85B96F4C}.AppStore|iPhone.Build.0 = Release|Any CPU
		{B2E96EDD-4AC9-40E8-A5DD-463A85B96F4C}.AppStore|iPhoneSimulator.ActiveCfg = Release|Any CPU
		{B2E96EDD-4AC9-40E8-A5DD-463A85B96F4C}.AppStore|iPhoneSimulator.Build.0 = Release|Any CPU
		{B2E96EDD-4AC9-40E8-A5DD-463A85B96F4C}.AppStore|x64.ActiveCfg = Release|Any CPU
		{B2E96EDD-4AC9-40E8-A5DD-463A85B96F4C}.AppStore|x64.Build.0 = Release|Any CPU
		{B2E96EDD-4AC9-40E8-A5DD-463A85B96F4C}.AppStore|x86.ActiveCfg = Release|Any CPU
		{B2E96EDD-4AC9-40E8-A5DD-463A85B96F4C}.AppStore|x86.Build.0 = Release|Any CPU
		{B2E96EDD-4AC9-40E8-A5DD-463A85B96F4C}.Debug|Any CPU.ActiveCfg = Debug|Any CPU
		{B2E96EDD-4AC9-40E8-A5DD-463A85B96F4C}.Debug|Any CPU.Build.0 = Debug|Any CPU
		{B2E96EDD-4AC9-40E8-A5DD-463A85B96F4C}.Debug|ARM.ActiveCfg = Debug|Any CPU
		{B2E96EDD-4AC9-40E8-A5DD-463A85B96F4C}.Debug|ARM.Build.0 = Debug|Any CPU
		{B2E96EDD-4AC9-40E8-A5DD-463A85B96F4C}.Debug|iPhone.ActiveCfg = Debug|Any CPU
		{B2E96EDD-4AC9-40E8-A5DD-463A85B96F4C}.Debug|iPhone.Build.0 = Debug|Any CPU
		{B2E96EDD-4AC9-40E8-A5DD-463A85B96F4C}.Debug|iPhoneSimulator.ActiveCfg = Debug|Any CPU
		{B2E96EDD-4AC9-40E8-A5DD-463A85B96F4C}.Debug|iPhoneSimulator.Build.0 = Debug|Any CPU
		{B2E96EDD-4AC9-40E8-A5DD-463A85B96F4C}.Debug|x64.ActiveCfg = Debug|Any CPU
		{B2E96EDD-4AC9-40E8-A5DD-463A85B96F4C}.Debug|x64.Build.0 = Debug|Any CPU
		{B2E96EDD-4AC9-40E8-A5DD-463A85B96F4C}.Debug|x86.ActiveCfg = Debug|Any CPU
		{B2E96EDD-4AC9-40E8-A5DD-463A85B96F4C}.Debug|x86.Build.0 = Debug|Any CPU
		{B2E96EDD-4AC9-40E8-A5DD-463A85B96F4C}.Release|Any CPU.ActiveCfg = Release|Any CPU
		{B2E96EDD-4AC9-40E8-A5DD-463A85B96F4C}.Release|Any CPU.Build.0 = Release|Any CPU
		{B2E96EDD-4AC9-40E8-A5DD-463A85B96F4C}.Release|ARM.ActiveCfg = Release|Any CPU
		{B2E96EDD-4AC9-40E8-A5DD-463A85B96F4C}.Release|ARM.Build.0 = Release|Any CPU
		{B2E96EDD-4AC9-40E8-A5DD-463A85B96F4C}.Release|iPhone.ActiveCfg = Release|Any CPU
		{B2E96EDD-4AC9-40E8-A5DD-463A85B96F4C}.Release|iPhone.Build.0 = Release|Any CPU
		{B2E96EDD-4AC9-40E8-A5DD-463A85B96F4C}.Release|iPhoneSimulator.ActiveCfg = Release|Any CPU
		{B2E96EDD-4AC9-40E8-A5DD-463A85B96F4C}.Release|iPhoneSimulator.Build.0 = Release|Any CPU
		{B2E96EDD-4AC9-40E8-A5DD-463A85B96F4C}.Release|x64.ActiveCfg = Release|Any CPU
		{B2E96EDD-4AC9-40E8-A5DD-463A85B96F4C}.Release|x64.Build.0 = Release|Any CPU
		{B2E96EDD-4AC9-40E8-A5DD-463A85B96F4C}.Release|x86.ActiveCfg = Release|Any CPU
		{B2E96EDD-4AC9-40E8-A5DD-463A85B96F4C}.Release|x86.Build.0 = Release|Any CPU
		{5B8A3897-FE85-41A8-8DE7-5541F8B02F47}.Ad-Hoc|Any CPU.ActiveCfg = Release|Any CPU
		{5B8A3897-FE85-41A8-8DE7-5541F8B02F47}.Ad-Hoc|Any CPU.Build.0 = Release|Any CPU
		{5B8A3897-FE85-41A8-8DE7-5541F8B02F47}.Ad-Hoc|ARM.ActiveCfg = Release|Any CPU
		{5B8A3897-FE85-41A8-8DE7-5541F8B02F47}.Ad-Hoc|ARM.Build.0 = Release|Any CPU
		{5B8A3897-FE85-41A8-8DE7-5541F8B02F47}.Ad-Hoc|iPhone.ActiveCfg = Release|Any CPU
		{5B8A3897-FE85-41A8-8DE7-5541F8B02F47}.Ad-Hoc|iPhone.Build.0 = Release|Any CPU
		{5B8A3897-FE85-41A8-8DE7-5541F8B02F47}.Ad-Hoc|iPhoneSimulator.ActiveCfg = Release|Any CPU
		{5B8A3897-FE85-41A8-8DE7-5541F8B02F47}.Ad-Hoc|iPhoneSimulator.Build.0 = Release|Any CPU
		{5B8A3897-FE85-41A8-8DE7-5541F8B02F47}.Ad-Hoc|x64.ActiveCfg = Release|Any CPU
		{5B8A3897-FE85-41A8-8DE7-5541F8B02F47}.Ad-Hoc|x64.Build.0 = Release|Any CPU
		{5B8A3897-FE85-41A8-8DE7-5541F8B02F47}.Ad-Hoc|x86.ActiveCfg = Release|Any CPU
		{5B8A3897-FE85-41A8-8DE7-5541F8B02F47}.Ad-Hoc|x86.Build.0 = Release|Any CPU
		{5B8A3897-FE85-41A8-8DE7-5541F8B02F47}.AppStore|Any CPU.ActiveCfg = Release|Any CPU
		{5B8A3897-FE85-41A8-8DE7-5541F8B02F47}.AppStore|Any CPU.Build.0 = Release|Any CPU
		{5B8A3897-FE85-41A8-8DE7-5541F8B02F47}.AppStore|ARM.ActiveCfg = Release|Any CPU
		{5B8A3897-FE85-41A8-8DE7-5541F8B02F47}.AppStore|ARM.Build.0 = Release|Any CPU
		{5B8A3897-FE85-41A8-8DE7-5541F8B02F47}.AppStore|iPhone.ActiveCfg = Release|Any CPU
		{5B8A3897-FE85-41A8-8DE7-5541F8B02F47}.AppStore|iPhone.Build.0 = Release|Any CPU
		{5B8A3897-FE85-41A8-8DE7-5541F8B02F47}.AppStore|iPhoneSimulator.ActiveCfg = Release|Any CPU
		{5B8A3897-FE85-41A8-8DE7-5541F8B02F47}.AppStore|iPhoneSimulator.Build.0 = Release|Any CPU
		{5B8A3897-FE85-41A8-8DE7-5541F8B02F47}.AppStore|x64.ActiveCfg = Release|Any CPU
		{5B8A3897-FE85-41A8-8DE7-5541F8B02F47}.AppStore|x64.Build.0 = Release|Any CPU
		{5B8A3897-FE85-41A8-8DE7-5541F8B02F47}.AppStore|x86.ActiveCfg = Release|Any CPU
		{5B8A3897-FE85-41A8-8DE7-5541F8B02F47}.AppStore|x86.Build.0 = Release|Any CPU
		{5B8A3897-FE85-41A8-8DE7-5541F8B02F47}.Debug|Any CPU.ActiveCfg = Debug|Any CPU
		{5B8A3897-FE85-41A8-8DE7-5541F8B02F47}.Debug|Any CPU.Build.0 = Debug|Any CPU
		{5B8A3897-FE85-41A8-8DE7-5541F8B02F47}.Debug|ARM.ActiveCfg = Debug|Any CPU
		{5B8A3897-FE85-41A8-8DE7-5541F8B02F47}.Debug|ARM.Build.0 = Debug|Any CPU
		{5B8A3897-FE85-41A8-8DE7-5541F8B02F47}.Debug|iPhone.ActiveCfg = Debug|Any CPU
		{5B8A3897-FE85-41A8-8DE7-5541F8B02F47}.Debug|iPhone.Build.0 = Debug|Any CPU
		{5B8A3897-FE85-41A8-8DE7-5541F8B02F47}.Debug|iPhoneSimulator.ActiveCfg = Debug|Any CPU
		{5B8A3897-FE85-41A8-8DE7-5541F8B02F47}.Debug|iPhoneSimulator.Build.0 = Debug|Any CPU
		{5B8A3897-FE85-41A8-8DE7-5541F8B02F47}.Debug|x64.ActiveCfg = Debug|Any CPU
		{5B8A3897-FE85-41A8-8DE7-5541F8B02F47}.Debug|x64.Build.0 = Debug|Any CPU
		{5B8A3897-FE85-41A8-8DE7-5541F8B02F47}.Debug|x86.ActiveCfg = Debug|Any CPU
		{5B8A3897-FE85-41A8-8DE7-5541F8B02F47}.Debug|x86.Build.0 = Debug|Any CPU
		{5B8A3897-FE85-41A8-8DE7-5541F8B02F47}.Release|Any CPU.ActiveCfg = Release|Any CPU
		{5B8A3897-FE85-41A8-8DE7-5541F8B02F47}.Release|Any CPU.Build.0 = Release|Any CPU
		{5B8A3897-FE85-41A8-8DE7-5541F8B02F47}.Release|ARM.ActiveCfg = Release|Any CPU
		{5B8A3897-FE85-41A8-8DE7-5541F8B02F47}.Release|ARM.Build.0 = Release|Any CPU
		{5B8A3897-FE85-41A8-8DE7-5541F8B02F47}.Release|iPhone.ActiveCfg = Release|Any CPU
		{5B8A3897-FE85-41A8-8DE7-5541F8B02F47}.Release|iPhone.Build.0 = Release|Any CPU
		{5B8A3897-FE85-41A8-8DE7-5541F8B02F47}.Release|iPhoneSimulator.ActiveCfg = Release|Any CPU
		{5B8A3897-FE85-41A8-8DE7-5541F8B02F47}.Release|iPhoneSimulator.Build.0 = Release|Any CPU
		{5B8A3897-FE85-41A8-8DE7-5541F8B02F47}.Release|x64.ActiveCfg = Release|Any CPU
		{5B8A3897-FE85-41A8-8DE7-5541F8B02F47}.Release|x64.Build.0 = Release|Any CPU
		{5B8A3897-FE85-41A8-8DE7-5541F8B02F47}.Release|x86.ActiveCfg = Release|Any CPU
		{5B8A3897-FE85-41A8-8DE7-5541F8B02F47}.Release|x86.Build.0 = Release|Any CPU
		{0C458D69-35EF-45CC-8221-64C5E61881C3}.Ad-Hoc|Any CPU.ActiveCfg = Release|Any CPU
		{0C458D69-35EF-45CC-8221-64C5E61881C3}.Ad-Hoc|Any CPU.Build.0 = Release|Any CPU
		{0C458D69-35EF-45CC-8221-64C5E61881C3}.Ad-Hoc|ARM.ActiveCfg = Release|Any CPU
		{0C458D69-35EF-45CC-8221-64C5E61881C3}.Ad-Hoc|ARM.Build.0 = Release|Any CPU
		{0C458D69-35EF-45CC-8221-64C5E61881C3}.Ad-Hoc|iPhone.ActiveCfg = Release|Any CPU
		{0C458D69-35EF-45CC-8221-64C5E61881C3}.Ad-Hoc|iPhone.Build.0 = Release|Any CPU
		{0C458D69-35EF-45CC-8221-64C5E61881C3}.Ad-Hoc|iPhoneSimulator.ActiveCfg = Release|Any CPU
		{0C458D69-35EF-45CC-8221-64C5E61881C3}.Ad-Hoc|iPhoneSimulator.Build.0 = Release|Any CPU
		{0C458D69-35EF-45CC-8221-64C5E61881C3}.Ad-Hoc|x64.ActiveCfg = Release|Any CPU
		{0C458D69-35EF-45CC-8221-64C5E61881C3}.Ad-Hoc|x64.Build.0 = Release|Any CPU
		{0C458D69-35EF-45CC-8221-64C5E61881C3}.Ad-Hoc|x86.ActiveCfg = Release|Any CPU
		{0C458D69-35EF-45CC-8221-64C5E61881C3}.Ad-Hoc|x86.Build.0 = Release|Any CPU
		{0C458D69-35EF-45CC-8221-64C5E61881C3}.AppStore|Any CPU.ActiveCfg = Release|Any CPU
		{0C458D69-35EF-45CC-8221-64C5E61881C3}.AppStore|Any CPU.Build.0 = Release|Any CPU
		{0C458D69-35EF-45CC-8221-64C5E61881C3}.AppStore|ARM.ActiveCfg = Release|Any CPU
		{0C458D69-35EF-45CC-8221-64C5E61881C3}.AppStore|ARM.Build.0 = Release|Any CPU
		{0C458D69-35EF-45CC-8221-64C5E61881C3}.AppStore|iPhone.ActiveCfg = Release|Any CPU
		{0C458D69-35EF-45CC-8221-64C5E61881C3}.AppStore|iPhone.Build.0 = Release|Any CPU
		{0C458D69-35EF-45CC-8221-64C5E61881C3}.AppStore|iPhoneSimulator.ActiveCfg = Release|Any CPU
		{0C458D69-35EF-45CC-8221-64C5E61881C3}.AppStore|iPhoneSimulator.Build.0 = Release|Any CPU
		{0C458D69-35EF-45CC-8221-64C5E61881C3}.AppStore|x64.ActiveCfg = Release|Any CPU
		{0C458D69-35EF-45CC-8221-64C5E61881C3}.AppStore|x64.Build.0 = Release|Any CPU
		{0C458D69-35EF-45CC-8221-64C5E61881C3}.AppStore|x86.ActiveCfg = Release|Any CPU
		{0C458D69-35EF-45CC-8221-64C5E61881C3}.AppStore|x86.Build.0 = Release|Any CPU
		{0C458D69-35EF-45CC-8221-64C5E61881C3}.Debug|Any CPU.ActiveCfg = Debug|Any CPU
		{0C458D69-35EF-45CC-8221-64C5E61881C3}.Debug|Any CPU.Build.0 = Debug|Any CPU
		{0C458D69-35EF-45CC-8221-64C5E61881C3}.Debug|ARM.ActiveCfg = Debug|Any CPU
		{0C458D69-35EF-45CC-8221-64C5E61881C3}.Debug|ARM.Build.0 = Debug|Any CPU
		{0C458D69-35EF-45CC-8221-64C5E61881C3}.Debug|iPhone.ActiveCfg = Debug|Any CPU
		{0C458D69-35EF-45CC-8221-64C5E61881C3}.Debug|iPhone.Build.0 = Debug|Any CPU
		{0C458D69-35EF-45CC-8221-64C5E61881C3}.Debug|iPhoneSimulator.ActiveCfg = Debug|Any CPU
		{0C458D69-35EF-45CC-8221-64C5E61881C3}.Debug|iPhoneSimulator.Build.0 = Debug|Any CPU
		{0C458D69-35EF-45CC-8221-64C5E61881C3}.Debug|x64.ActiveCfg = Debug|Any CPU
		{0C458D69-35EF-45CC-8221-64C5E61881C3}.Debug|x64.Build.0 = Debug|Any CPU
		{0C458D69-35EF-45CC-8221-64C5E61881C3}.Debug|x86.ActiveCfg = Debug|Any CPU
		{0C458D69-35EF-45CC-8221-64C5E61881C3}.Debug|x86.Build.0 = Debug|Any CPU
		{0C458D69-35EF-45CC-8221-64C5E61881C3}.Release|Any CPU.ActiveCfg = Release|Any CPU
		{0C458D69-35EF-45CC-8221-64C5E61881C3}.Release|Any CPU.Build.0 = Release|Any CPU
		{0C458D69-35EF-45CC-8221-64C5E61881C3}.Release|ARM.ActiveCfg = Release|Any CPU
		{0C458D69-35EF-45CC-8221-64C5E61881C3}.Release|ARM.Build.0 = Release|Any CPU
		{0C458D69-35EF-45CC-8221-64C5E61881C3}.Release|iPhone.ActiveCfg = Release|Any CPU
		{0C458D69-35EF-45CC-8221-64C5E61881C3}.Release|iPhone.Build.0 = Release|Any CPU
		{0C458D69-35EF-45CC-8221-64C5E61881C3}.Release|iPhoneSimulator.ActiveCfg = Release|Any CPU
		{0C458D69-35EF-45CC-8221-64C5E61881C3}.Release|iPhoneSimulator.Build.0 = Release|Any CPU
		{0C458D69-35EF-45CC-8221-64C5E61881C3}.Release|x64.ActiveCfg = Release|Any CPU
		{0C458D69-35EF-45CC-8221-64C5E61881C3}.Release|x64.Build.0 = Release|Any CPU
		{0C458D69-35EF-45CC-8221-64C5E61881C3}.Release|x86.ActiveCfg = Release|Any CPU
		{0C458D69-35EF-45CC-8221-64C5E61881C3}.Release|x86.Build.0 = Release|Any CPU
	EndGlobalSection
	GlobalSection(SolutionProperties) = preSolution
		HideSolutionNode = FALSE
	EndGlobalSection
EndGlobal
